<?xml version="1.0" encoding="UTF-8" standalone="yes" ?>
<CodeBlocks_project_file>
	<FileVersion major="1" minor="6" />
	<Project>
		<Option title="Simple-AVL-Tree-v2" />
		<Option pch_mode="2" />
		<Option compiler="gcc" />
		<Build>
			<Target title="Debug">
				<Option output="bin/Debug/Simple-AVL-Tree-v2" prefix_auto="1" extension_auto="1" />
				<Option object_output="obj/Debug/" />
				<Option type="1" />
				<Option compiler="gcc" />
				<Compiler>
					<Add option="-g" />
				</Compiler>
			</Target>
			<Target title="Release">
				<Option output="bin/Release/Simple-AVL-Tree-v2" prefix_auto="1" extension_auto="1" />
				<Option object_output="obj/Release/" />
				<Option type="1" />
				<Option compiler="gcc" />
				<Compiler>
					<Add option="-O2" />
				</Compiler>
				<Linker>
					<Add option="-s" />
				</Linker>
			</Target>
		</Build>
		<Compiler>
			<Add option="-std=c++11" />
			<Add option="-Wall" />
			<Add directory="C:/Users/Kestutis/Documents/CodeBlocks Projects/Univeras GitHub Repo/RepoSpace/ADS/Simple-AVL-Tree-v2/src" />
		</Compiler>
		<Unit filename="src/C-Interface/c_avltree.cpp" />
		<Unit filename="src/C-Interface/c_avltree.h" />
		<Unit filename="src/Tools/fun.h" />
		<Unit filename="src/Tools/logger.cpp" />
		<Unit filename="src/Tools/logger.h" />
		<Unit filename="src/TreeImpl/avltree.cpp" />
		<Unit filename="src/TreeImpl/avltree.h" />
		<Unit filename="src/TreeImpl/treenode.cpp" />
		<Unit filename="src/TreeImpl/treenode.h" />
		<Unit filename="src/TreeImpl/treetoolmodes.h" />
		<Unit filename="src/TreeImpl/treetools.cpp" />
		<Unit filename="src/TreeImpl/treetools.h" />
		<Unit filename="src/debdefines.h" />
		<Unit filename="src/main.cpp" />
		<Extensions>
			<code_completion />
			<envvars />
			<debugger />
		</Extensions>
	</Project>
</CodeBlocks_project_file>
