<?xml version="1.0" encoding="UTF-8" standalone="yes" ?>
<CodeBlocks_project_file>
	<FileVersion major="1" minor="6" />
	<Project>
		<Option title="Simple-AVL-Tree-v2" />
		<Option pch_mode="2" />
		<Option compiler="gnu_gcc_mingw_new_compiler" />
		<Build>
			<Target title="Debug">
				<Option output="bin/Debug/Simple-AVL-Tree-v2" prefix_auto="1" extension_auto="1" />
				<Option object_output="obj/Debug/" />
				<Option type="1" />
				<Option compiler="gnu_gcc_mingw_new_compiler" />
				<Compiler>
					<Add option="-g" />
				</Compiler>
			</Target>
			<Target title="Release">
				<Option output="bin/Release/Simple-AVL-Tree-v2" prefix_auto="1" extension_auto="1" />
				<Option object_output="obj/Release/" />
				<Option type="1" />
				<Option compiler="gnu_gcc_mingw_new_compiler" />
				<Compiler>
					<Add option="-O2" />
				</Compiler>
				<Linker>
					<Add option="-s" />
				</Linker>
			</Target>
		</Build>
		<Compiler>
			<Add option="-std=c++11" />
			<Add option="-Wall" />
			<Add option="-std=c99" />
			<Add directory="C:/Users/Kestutis/Documents/CodeBlocks Projects/Univeras GitHub Repo/RepoSpace/ADS/Simple-AVL-Tree-v2/src" />
			<Add directory="C:/Users/Kestutis/Documents/CodeBlocks Projects/Data Structures/AVL-Tree/AVLTree/include" />
		</Compiler>
		<Linker>
			<Add library="C:\Users\Kestutis\Documents\CodeBlocks Projects\Data Structures\AVL-Tree\AVLTree\lib\libAVLTreeTest.a" />
		</Linker>
		<Unit filename="AVLTree/include/c_avltree.h" />
		<Unit filename="AVLTree/test/c_main.c">
			<Option compilerVar="CC" />
		</Unit>
		<Extensions>
			<code_completion />
			<envvars />
			<debugger />
		</Extensions>
	</Project>
</CodeBlocks_project_file>
